
Microsoft Visual Studio Solution File, Format Version 12.00
# Visual Studio Version 17
VisualStudioVersion = 17.0.32014.148
MinimumVisualStudioVersion = 10.0.40219.1
Project("{2150E333-8FDC-42A3-9474-1A3956D46DE8}") = "Solution Items", "Solution Items", "{9D6BC02B-63D7-4878-97AD-6E4CDA9A945E}"
	ProjectSection(SolutionItems) = preProject
		.editorconfig = .editorconfig
		LICENSE = LICENSE
		nugetpublish.ps1 = nugetpublish.ps1
		NugetReadme.md = NugetReadme.md
		README.md = README.md
	EndProjectSection
EndProject
Project("{2150E333-8FDC-42A3-9474-1A3956D46DE8}") = "Samples", "Samples", "{B04C91C6-31FF-41CC-9A29-D15C6C6038D5}"
EndProject
Project("{9A19103F-16F7-4668-BE54-9A1E7A4F7556}") = "TurtleCore", "TurtleCore\TurtleCore.csproj", "{32BF1D15-063F-4961-B085-232EB52C7DBA}"
EndProject
Project("{9A19103F-16F7-4668-BE54-9A1E7A4F7556}") = "TurtleCore.UnitTests", "TurtleCore.UnitTests\TurtleCore.UnitTests.csproj", "{F175C79A-9CD3-4C40-9134-AEAF7231A25C}"
EndProject
Project("{9A19103F-16F7-4668-BE54-9A1E7A4F7556}") = "TurtleWpf", "TurtleWpf\TurtleWpf.csproj", "{B05BF2ED-25DD-48CC-B91F-C0F1205B7829}"
EndProject
Project("{9A19103F-16F7-4668-BE54-9A1E7A4F7556}") = "UsingTurtleCanvas", "UsingTurtleCanvas\UsingTurtleCanvas.csproj", "{0774A6F2-D96F-46EB-A095-52E85DB01960}"
EndProject
Project("{9A19103F-16F7-4668-BE54-9A1E7A4F7556}") = "TurtleSamples", "TurtleSamples\TurtleSamples.csproj", "{57716963-7829-4C96-940B-21892DA97E94}"
EndProject
Project("{2150E333-8FDC-42A3-9474-1A3956D46DE8}") = "ExternalDocumentation", "ExternalDocumentation", "{3A9317E6-EFF8-4F7A-B5BA-CD595D0B360F}"
	ProjectSection(SolutionItems) = preProject
		ExternalDocumentation\Examples.jpg = ExternalDocumentation\Examples.jpg
		ExternalDocumentation\WoopecAnimation.gif = ExternalDocumentation\WoopecAnimation.gif
	EndProjectSection
EndProject
Project("{9A19103F-16F7-4668-BE54-9A1E7A4F7556}") = "UsingWoopec", "UsingWoopec\UsingWoopec.csproj", "{6B715BF6-5F3A-462A-97CB-3C58E74C80DA}"
EndProject
Project("{2150E333-8FDC-42A3-9474-1A3956D46DE8}") = "InternalDocumentation", "InternalDocumentation", "{A1A3B4C4-3E21-4D08-9087-D82CF396A54D}"
	ProjectSection(SolutionItems) = preProject
		InternalDocumentation\001_StartWithWPF.md = InternalDocumentation\001_StartWithWPF.md
		InternalDocumentation\AktuelleArbeit.md = InternalDocumentation\AktuelleArbeit.md
		InternalDocumentation\DotnetNewTemplate.md = InternalDocumentation\DotnetNewTemplate.md
		InternalDocumentation\VergleichZuPython.md = InternalDocumentation\VergleichZuPython.md
	EndProjectSection
EndProject
Project("{2150E333-8FDC-42A3-9474-1A3956D46DE8}") = "TemplatePackage", "TemplatePackage", "{5645D8C2-659B-4862-82AB-1EDD4ADE7649}"
EndProject
Project("{9A19103F-16F7-4668-BE54-9A1E7A4F7556}") = "TemplatePack", "TemplatePack\TemplatePack.csproj", "{C07F696C-7045-4ADD-B2FE-80CE130B948A}"
EndProject
Project("{9A19103F-16F7-4668-BE54-9A1E7A4F7556}") = "UsingTurtleCoreExperimental", "UsingTurtleCoreExperimental\UsingTurtleCoreExperimental.csproj", "{8F7D11CA-6C2F-4E77-92BF-5D1551E1DE96}"
EndProject
Project("{9A19103F-16F7-4668-BE54-9A1E7A4F7556}") = "UsingTurtleCore", "UsingTurtleCore\UsingTurtleCore.csproj", "{BDF76B83-BF65-4045-BCE5-432A2CA74343}"
EndProject
Global
	GlobalSection(SolutionConfigurationPlatforms) = preSolution
		Debug|Any CPU = Debug|Any CPU
		Release|Any CPU = Release|Any CPU
	EndGlobalSection
	GlobalSection(ProjectConfigurationPlatforms) = postSolution
		{32BF1D15-063F-4961-B085-232EB52C7DBA}.Debug|Any CPU.ActiveCfg = Debug|Any CPU
		{32BF1D15-063F-4961-B085-232EB52C7DBA}.Debug|Any CPU.Build.0 = Debug|Any CPU
		{32BF1D15-063F-4961-B085-232EB52C7DBA}.Release|Any CPU.ActiveCfg = Release|Any CPU
		{32BF1D15-063F-4961-B085-232EB52C7DBA}.Release|Any CPU.Build.0 = Release|Any CPU
		{F175C79A-9CD3-4C40-9134-AEAF7231A25C}.Debug|Any CPU.ActiveCfg = Debug|Any CPU
		{F175C79A-9CD3-4C40-9134-AEAF7231A25C}.Debug|Any CPU.Build.0 = Debug|Any CPU
		{F175C79A-9CD3-4C40-9134-AEAF7231A25C}.Release|Any CPU.ActiveCfg = Release|Any CPU
		{F175C79A-9CD3-4C40-9134-AEAF7231A25C}.Release|Any CPU.Build.0 = Release|Any CPU
		{B05BF2ED-25DD-48CC-B91F-C0F1205B7829}.Debug|Any CPU.ActiveCfg = Debug|Any CPU
		{B05BF2ED-25DD-48CC-B91F-C0F1205B7829}.Debug|Any CPU.Build.0 = Debug|Any CPU
		{B05BF2ED-25DD-48CC-B91F-C0F1205B7829}.Release|Any CPU.ActiveCfg = Release|Any CPU
		{B05BF2ED-25DD-48CC-B91F-C0F1205B7829}.Release|Any CPU.Build.0 = Release|Any CPU
		{0774A6F2-D96F-46EB-A095-52E85DB01960}.Debug|Any CPU.ActiveCfg = Debug|Any CPU
		{0774A6F2-D96F-46EB-A095-52E85DB01960}.Debug|Any CPU.Build.0 = Debug|Any CPU
		{0774A6F2-D96F-46EB-A095-52E85DB01960}.Release|Any CPU.ActiveCfg = Release|Any CPU
		{0774A6F2-D96F-46EB-A095-52E85DB01960}.Release|Any CPU.Build.0 = Release|Any CPU
		{57716963-7829-4C96-940B-21892DA97E94}.Debug|Any CPU.ActiveCfg = Debug|Any CPU
		{57716963-7829-4C96-940B-21892DA97E94}.Debug|Any CPU.Build.0 = Debug|Any CPU
		{57716963-7829-4C96-940B-21892DA97E94}.Release|Any CPU.ActiveCfg = Release|Any CPU
		{57716963-7829-4C96-940B-21892DA97E94}.Release|Any CPU.Build.0 = Release|Any CPU
		{6B715BF6-5F3A-462A-97CB-3C58E74C80DA}.Debug|Any CPU.ActiveCfg = Debug|Any CPU
		{6B715BF6-5F3A-462A-97CB-3C58E74C80DA}.Debug|Any CPU.Build.0 = Debug|Any CPU
		{6B715BF6-5F3A-462A-97CB-3C58E74C80DA}.Release|Any CPU.ActiveCfg = Release|Any CPU
		{6B715BF6-5F3A-462A-97CB-3C58E74C80DA}.Release|Any CPU.Build.0 = Release|Any CPU
		{C07F696C-7045-4ADD-B2FE-80CE130B948A}.Debug|Any CPU.ActiveCfg = Debug|Any CPU
		{C07F696C-7045-4ADD-B2FE-80CE130B948A}.Debug|Any CPU.Build.0 = Debug|Any CPU
		{C07F696C-7045-4ADD-B2FE-80CE130B948A}.Release|Any CPU.ActiveCfg = Release|Any CPU
		{C07F696C-7045-4ADD-B2FE-80CE130B948A}.Release|Any CPU.Build.0 = Release|Any CPU
		{8F7D11CA-6C2F-4E77-92BF-5D1551E1DE96}.Debug|Any CPU.ActiveCfg = Debug|Any CPU
		{8F7D11CA-6C2F-4E77-92BF-5D1551E1DE96}.Debug|Any CPU.Build.0 = Debug|Any CPU
		{8F7D11CA-6C2F-4E77-92BF-5D1551E1DE96}.Release|Any CPU.ActiveCfg = Release|Any CPU
		{8F7D11CA-6C2F-4E77-92BF-5D1551E1DE96}.Release|Any CPU.Build.0 = Release|Any CPU
		{BDF76B83-BF65-4045-BCE5-432A2CA74343}.Debug|Any CPU.ActiveCfg = Debug|Any CPU
		{BDF76B83-BF65-4045-BCE5-432A2CA74343}.Debug|Any CPU.Build.0 = Debug|Any CPU
		{BDF76B83-BF65-4045-BCE5-432A2CA74343}.Release|Any CPU.ActiveCfg = Release|Any CPU
		{BDF76B83-BF65-4045-BCE5-432A2CA74343}.Release|Any CPU.Build.0 = Release|Any CPU
	EndGlobalSection
	GlobalSection(SolutionProperties) = preSolution
		HideSolutionNode = FALSE
	EndGlobalSection
	GlobalSection(NestedProjects) = preSolution
		{0774A6F2-D96F-46EB-A095-52E85DB01960} = {B04C91C6-31FF-41CC-9A29-D15C6C6038D5}
		{57716963-7829-4C96-940B-21892DA97E94} = {B04C91C6-31FF-41CC-9A29-D15C6C6038D5}
		{3A9317E6-EFF8-4F7A-B5BA-CD595D0B360F} = {9D6BC02B-63D7-4878-97AD-6E4CDA9A945E}
		{6B715BF6-5F3A-462A-97CB-3C58E74C80DA} = {B04C91C6-31FF-41CC-9A29-D15C6C6038D5}
		{A1A3B4C4-3E21-4D08-9087-D82CF396A54D} = {9D6BC02B-63D7-4878-97AD-6E4CDA9A945E}
		{C07F696C-7045-4ADD-B2FE-80CE130B948A} = {5645D8C2-659B-4862-82AB-1EDD4ADE7649}
		{8F7D11CA-6C2F-4E77-92BF-5D1551E1DE96} = {B04C91C6-31FF-41CC-9A29-D15C6C6038D5}
		{BDF76B83-BF65-4045-BCE5-432A2CA74343} = {B04C91C6-31FF-41CC-9A29-D15C6C6038D5}
	EndGlobalSection
	GlobalSection(ExtensibilityGlobals) = postSolution
		SolutionGuid = {DB2EE8BA-3BF3-4875-94B3-A75674C5AA1F}
	EndGlobalSection
EndGlobal
